
Microsoft Visual Studio Solution File, Format Version 12.00
# Visual Studio 15
VisualStudioVersion = 15.0.28307.1267
MinimumVisualStudioVersion = 10.0.40219.1
Project("{888888A0-9F3D-457C-B088-3A5042F75D52}") = "NamesWithPandas", "NamesWithPandas\NamesWithPandas.pyproj", "{D5F093B5-EF49-48D8-9336-80DF7CDDD471}"
EndProject
Global
	GlobalSection(SolutionConfigurationPlatforms) = preSolution
		Debug|Any CPU = Debug|Any CPU
		Release|Any CPU = Release|Any CPU
	EndGlobalSection
	GlobalSection(ProjectConfigurationPlatforms) = postSolution
		{D5F093B5-EF49-48D8-9336-80DF7CDDD471}.Debug|Any CPU.ActiveCfg = Debug|Any CPU
		{D5F093B5-EF49-48D8-9336-80DF7CDDD471}.Release|Any CPU.ActiveCfg = Release|Any CPU
	EndGlobalSection
	GlobalSection(SolutionProperties) = preSolution
		HideSolutionNode = FALSE
	EndGlobalSection
	GlobalSection(ExtensibilityGlobals) = postSolution
		SolutionGuid = {58EFC695-803D-4F16-9045-BD45C14C78C1}
	EndGlobalSection
EndGlobal
